
Microsoft Visual Studio Solution File, Format Version 12.00
# Visual Studio Version 17
VisualStudioVersion = 17.13.36105.23
MinimumVisualStudioVersion = 10.0.40219.1
Project("{8BC9CEB8-8B4A-11D0-8D11-00A0C91BC942}") = "Spark", "Spark\Spark.vcxproj", "{7C5CE285-42B1-4F9A-924A-C7A4C5BCA26C}"
EndProject
Project("{8BC9CEB8-8B4A-11D0-8D11-00A0C91BC942}") = "Sandbox", "Sandbox\Sandbox.vcxproj", "{75A34EE2-EC4E-47B4-AF12-718E5700A92B}"
EndProject
Global
	GlobalSection(SolutionConfigurationPlatforms) = preSolution
		Debug|x64 = Debug|x64
		Release|x64 = Release|x64
	EndGlobalSection
	GlobalSection(ProjectConfigurationPlatforms) = postSolution
		{7C5CE285-42B1-4F9A-924A-C7A4C5BCA26C}.Debug|x64.ActiveCfg = Debug|x64
		{7C5CE285-42B1-4F9A-924A-C7A4C5BCA26C}.Debug|x64.Build.0 = Debug|x64
		{7C5CE285-42B1-4F9A-924A-C7A4C5BCA26C}.Release|x64.ActiveCfg = Release|x64
		{7C5CE285-42B1-4F9A-924A-C7A4C5BCA26C}.Release|x64.Build.0 = Release|x64
		{75A34EE2-EC4E-47B4-AF12-718E5700A92B}.Debug|x64.ActiveCfg = Debug|x64
		{75A34EE2-EC4E-47B4-AF12-718E5700A92B}.Debug|x64.Build.0 = Debug|x64
		{75A34EE2-EC4E-47B4-AF12-718E5700A92B}.Release|x64.ActiveCfg = Release|x64
		{75A34EE2-EC4E-47B4-AF12-718E5700A92B}.Release|x64.Build.0 = Release|x64
	EndGlobalSection
	GlobalSection(SolutionProperties) = preSolution
		HideSolutionNode = FALSE
	EndGlobalSection
	GlobalSection(ExtensibilityGlobals) = postSolution
		SolutionGuid = {D6B2B034-50AF-4D4A-A0D2-97D01A8BB21D}
	EndGlobalSection
EndGlobal
